
Microsoft Visual Studio Solution File, Format Version 12.00
# Visual Studio Version 17
VisualStudioVersion = 17.6.33723.286
MinimumVisualStudioVersion = 10.0.40219.1
Project("{FAE04EC0-301F-11D3-BF4B-00C04F79EFBC}") = "ContosoUniversity", "ContosoUniversity\ContosoUniversity.csproj", "{6318AE32-58F5-4905-BF95-3C863E3099A2}"
EndProject
Global
	GlobalSection(SolutionConfigurationPlatforms) = preSolution
		Debug|Any CPU = Debug|Any CPU
		Release|Any CPU = Release|Any CPU
	EndGlobalSection
	GlobalSection(ProjectConfigurationPlatforms) = postSolution
		{6318AE32-58F5-4905-BF95-3C863E3099A2}.Debug|Any CPU.ActiveCfg = Debug|Any CPU
		{6318AE32-58F5-4905-BF95-3C863E3099A2}.Debug|Any CPU.Build.0 = Debug|Any CPU
		{6318AE32-58F5-4905-BF95-3C863E3099A2}.Release|Any CPU.ActiveCfg = Release|Any CPU
		{6318AE32-58F5-4905-BF95-3C863E3099A2}.Release|Any CPU.Build.0 = Release|Any CPU
	EndGlobalSection
	GlobalSection(SolutionProperties) = preSolution
		HideSolutionNode = FALSE
	EndGlobalSection
	GlobalSection(ExtensibilityGlobals) = postSolution
		SolutionGuid = {313E4480-B423-4650-AA89-5BA37B0259AC}
	EndGlobalSection
EndGlobal
